
Microsoft Visual Studio Solution File, Format Version 12.00
# Visual Studio Version 16
VisualStudioVersion = 16.0.32228.343
MinimumVisualStudioVersion = 10.0.40219.1
Project("{9A19103F-16F7-4668-BE54-9A1E7A4F7556}") = "Beu.Eticaret.Db.Account", "Beu.Eticaret.Db.Account\Beu.Eticaret.Db.Account.csproj", "{B2642B38-8B6A-478E-81CC-3A9FA9F5577C}"
EndProject
Project("{2150E333-8FDC-42A3-9474-1A3956D46DE8}") = "Account", "Account", "{F9DCC70E-7CAC-4908-8CA0-4D9D938FB1E3}"
EndProject
Project("{9A19103F-16F7-4668-BE54-9A1E7A4F7556}") = "Beu.Eticaret.Entity.Account", "Beu.Eticaret.Entity.Account\Beu.Eticaret.Entity.Account.csproj", "{62C34213-9D24-48AA-8271-6225D0620BE4}"
EndProject
Project("{9A19103F-16F7-4668-BE54-9A1E7A4F7556}") = "Beu.Eticaret.Dal.Account", "Beu.Eticaret.Dal.Account\Beu.Eticaret.Dal.Account.csproj", "{D4520289-83BE-4EDD-A05C-8C13F907DC12}"
EndProject
Project("{9A19103F-16F7-4668-BE54-9A1E7A4F7556}") = "Beu.Eticaret.Bll.Account", "Beu.Eticaret.Bll.Account\Beu.Eticaret.Bll.Account.csproj", "{9DEC8FD2-4AC7-4E89-A4F0-35008858ABF3}"
EndProject
Project("{9A19103F-16F7-4668-BE54-9A1E7A4F7556}") = "Beu.Eticaret.Api.Account", "Beu.Eticaret.Api.Account\Beu.Eticaret.Api.Account.csproj", "{0FBBAC90-5B45-4DA2-9CB4-5561C3615D35}"
EndProject
Project("{2150E333-8FDC-42A3-9474-1A3956D46DE8}") = "UI", "UI", "{8A989A4C-0D41-475C-8C48-CA6946F85E72}"
EndProject
Project("{9A19103F-16F7-4668-BE54-9A1E7A4F7556}") = "Beu.Eticaret.UI", "Beu.Eticaret.UI\Beu.Eticaret.UI.csproj", "{08582E94-73FA-42F3-A7A3-F99A2734EC06}"
EndProject
Project("{2150E333-8FDC-42A3-9474-1A3956D46DE8}") = "Gateway", "Gateway", "{DBA49658-7AA2-4AFC-809E-16F54EF83B41}"
EndProject
Project("{9A19103F-16F7-4668-BE54-9A1E7A4F7556}") = "Beu.Eticaret.Api.Gateway", "Beu.Eticaret.Api.Gateway\Beu.Eticaret.Api.Gateway.csproj", "{920BCEAA-F552-4CBB-9B2F-DCDD4FD165B3}"
EndProject
Project("{2150E333-8FDC-42A3-9474-1A3956D46DE8}") = "Product", "Product", "{F9F2E1FA-2EB9-4AAB-A6DE-A24396724B81}"
EndProject
Project("{9A19103F-16F7-4668-BE54-9A1E7A4F7556}") = "Beu.Eticaret.Entity.Product", "Beu.Eticaret.Entity.Product\Beu.Eticaret.Entity.Product.csproj", "{10AC47D0-14A7-4889-8ABA-D06CE6E11F25}"
EndProject
Project("{9A19103F-16F7-4668-BE54-9A1E7A4F7556}") = "Beu.Eticaret.Dal.Product", "Beu.Eticaret.Dal.Product\Beu.Eticaret.Dal.Product.csproj", "{FF9A1EE8-73AA-40AE-9746-B970395D35E2}"
EndProject
Project("{9A19103F-16F7-4668-BE54-9A1E7A4F7556}") = "Beu.Eticaret.Bll.Product", "Beu.Eticaret.Bll.Product\Beu.Eticaret.Bll.Product.csproj", "{576F1EE8-2A77-437C-AFAA-2607D2CCB8A5}"
EndProject
Project("{9A19103F-16F7-4668-BE54-9A1E7A4F7556}") = "Beu.Eticaret.Api.Product", "Beu.Eticaret.Api.Product\Beu.Eticaret.Api.Product.csproj", "{B81056FD-B4C8-4036-9A8D-2E8E0F3358CF}"
EndProject
Project("{2150E333-8FDC-42A3-9474-1A3956D46DE8}") = "Core", "Core", "{1F1D8A23-EA0B-4219-B9C2-673D35B8478F}"
EndProject
Project("{9A19103F-16F7-4668-BE54-9A1E7A4F7556}") = "Beu.Eticaret.Bll", "Beu.Eticaret.Bll\Beu.Eticaret.Bll.csproj", "{E16ABF2D-6E52-4C56-A556-A184F8DA4C24}"
EndProject
Project("{9A19103F-16F7-4668-BE54-9A1E7A4F7556}") = "Beu.Eticaret.Dal.PostgreSQL", "Beu.Eticaret.Dal.PostgreSQL\Beu.Eticaret.Dal.PostgreSQL.csproj", "{87ACC810-B6F3-4EA4-9C7C-8FDBBC3C0E6A}"
EndProject
Project("{9A19103F-16F7-4668-BE54-9A1E7A4F7556}") = "Beu.Eticaret.Entity", "Beu.Eticaret.Entity\Beu.Eticaret.Entity.csproj", "{E14CC84A-0CFD-42BE-B373-B419295E2F76}"
EndProject
Project("{9A19103F-16F7-4668-BE54-9A1E7A4F7556}") = "Beu.Eticaret.Web", "Beu.Eticaret.Web\Beu.Eticaret.Web.csproj", "{3D049E0F-1361-4D20-B0E0-4D3C6E76B173}"
EndProject
Project("{9A19103F-16F7-4668-BE54-9A1E7A4F7556}") = "Beu.Eticaret.Db.Product", "Beu.Eticaret.Db.Product\Beu.Eticaret.Db.Product.csproj", "{7E27323D-1FB2-4150-87E9-F62B43BE1984}"
EndProject
Project("{9A19103F-16F7-4668-BE54-9A1E7A4F7556}") = "Beu.Eticaret.Db.PostgreSQL", "Beu.Eticaret.Db.PostgreSQL\Beu.Eticaret.Db.PostgreSQL.csproj", "{8BF2429A-F2EB-4B8A-A55E-89B5A26C4F29}"
EndProject
Project("{9A19103F-16F7-4668-BE54-9A1E7A4F7556}") = "Beu.Eticaret", "Beu.Eticaret\Beu.Eticaret.csproj", "{12672FB5-A794-4DAA-92AE-4C71FEB85BBD}"
EndProject
Project("{2150E333-8FDC-42A3-9474-1A3956D46DE8}") = "System", "System", "{2B40ACDF-7202-46C9-A9CA-6DB1C34E06F6}"
EndProject
Project("{9A19103F-16F7-4668-BE54-9A1E7A4F7556}") = "Beu.Eticaret.Db.System", "Beu.Eticaret.Db.System\Beu.Eticaret.Db.System.csproj", "{A7DA628C-DAE4-4417-8968-225D7D22DB9A}"
EndProject
Project("{9A19103F-16F7-4668-BE54-9A1E7A4F7556}") = "Beu.Eticaret.Entity.System", "Beu.Eticaret.Entity.System\Beu.Eticaret.Entity.System.csproj", "{CD0D6AA2-FE02-44C7-A0EE-5B093EE5A10E}"
EndProject
Project("{9A19103F-16F7-4668-BE54-9A1E7A4F7556}") = "Beu.Eticaret.Dal.System", "Beu.Eticaret.Dal.System\Beu.Eticaret.Dal.System.csproj", "{BECFDEDE-2786-46F3-B178-CF7ED9D9ED9A}"
EndProject
Project("{9A19103F-16F7-4668-BE54-9A1E7A4F7556}") = "Beu.Eticaret.Bll.System", "Beu.Eticaret.Bll.System\Beu.Eticaret.Bll.System.csproj", "{402D8E59-2F13-41A0-954A-C02DE6E49559}"
EndProject
Project("{9A19103F-16F7-4668-BE54-9A1E7A4F7556}") = "Beu.Eticaret.Api.System", "Beu.Eticaret.Api.System\Beu.Eticaret.Api.System.csproj", "{1E411981-7E05-4CBB-A26D-FD04373A3C2D}"
EndProject
Project("{2150E333-8FDC-42A3-9474-1A3956D46DE8}") = "Cart", "Cart", "{078F52DE-98FD-42CC-B417-94FF29E424BC}"
EndProject
Project("{FAE04EC0-301F-11D3-BF4B-00C04F79EFBC}") = "Beu.Eticaret.Db.Cart", "Beu.Eticaret.Db.Cart\Beu.Eticaret.Db.Cart.csproj", "{CC24F7C6-D0CE-4D5C-8D59-997EC5BD2373}"
EndProject
Project("{FAE04EC0-301F-11D3-BF4B-00C04F79EFBC}") = "Beu.Eticaret.Entity.Cart", "Beu.Eticaret.Entity.Cart\Beu.Eticaret.Entity.Cart.csproj", "{BD7D23A0-A69F-416B-8766-7B2E2F947683}"
EndProject
Project("{FAE04EC0-301F-11D3-BF4B-00C04F79EFBC}") = "Beu.Eticaret.Dal.Cart", "Beu.Eticaret.Dal.Cart\Beu.Eticaret.Dal.Cart.csproj", "{D1BE6BFA-6E41-4569-B00A-642D3CE3A613}"
EndProject
Project("{FAE04EC0-301F-11D3-BF4B-00C04F79EFBC}") = "Beu.Eticaret.Bll.Cart", "Beu.Eticaret.Bll.Cart\Beu.Eticaret.Bll.Cart.csproj", "{54ECB30D-1890-4EB2-B662-43B8A08A6B82}"
EndProject
Project("{FAE04EC0-301F-11D3-BF4B-00C04F79EFBC}") = "Beu.Eticaret.Api.Cart", "Beu.Eticaret.Api.Cart\Beu.Eticaret.Api.Cart.csproj", "{73098823-C56B-44D3-90D8-22A7877681AF}"
EndProject
Global
	GlobalSection(SolutionConfigurationPlatforms) = preSolution
		Debug|Any CPU = Debug|Any CPU
		Release|Any CPU = Release|Any CPU
	EndGlobalSection
	GlobalSection(ProjectConfigurationPlatforms) = postSolution
		{B2642B38-8B6A-478E-81CC-3A9FA9F5577C}.Debug|Any CPU.ActiveCfg = Debug|Any CPU
		{B2642B38-8B6A-478E-81CC-3A9FA9F5577C}.Debug|Any CPU.Build.0 = Debug|Any CPU
		{B2642B38-8B6A-478E-81CC-3A9FA9F5577C}.Release|Any CPU.ActiveCfg = Release|Any CPU
		{B2642B38-8B6A-478E-81CC-3A9FA9F5577C}.Release|Any CPU.Build.0 = Release|Any CPU
		{62C34213-9D24-48AA-8271-6225D0620BE4}.Debug|Any CPU.ActiveCfg = Debug|Any CPU
		{62C34213-9D24-48AA-8271-6225D0620BE4}.Debug|Any CPU.Build.0 = Debug|Any CPU
		{62C34213-9D24-48AA-8271-6225D0620BE4}.Release|Any CPU.ActiveCfg = Release|Any CPU
		{62C34213-9D24-48AA-8271-6225D0620BE4}.Release|Any CPU.Build.0 = Release|Any CPU
		{D4520289-83BE-4EDD-A05C-8C13F907DC12}.Debug|Any CPU.ActiveCfg = Debug|Any CPU
		{D4520289-83BE-4EDD-A05C-8C13F907DC12}.Debug|Any CPU.Build.0 = Debug|Any CPU
		{D4520289-83BE-4EDD-A05C-8C13F907DC12}.Release|Any CPU.ActiveCfg = Release|Any CPU
		{D4520289-83BE-4EDD-A05C-8C13F907DC12}.Release|Any CPU.Build.0 = Release|Any CPU
		{9DEC8FD2-4AC7-4E89-A4F0-35008858ABF3}.Debug|Any CPU.ActiveCfg = Debug|Any CPU
		{9DEC8FD2-4AC7-4E89-A4F0-35008858ABF3}.Debug|Any CPU.Build.0 = Debug|Any CPU
		{9DEC8FD2-4AC7-4E89-A4F0-35008858ABF3}.Release|Any CPU.ActiveCfg = Release|Any CPU
		{9DEC8FD2-4AC7-4E89-A4F0-35008858ABF3}.Release|Any CPU.Build.0 = Release|Any CPU
		{0FBBAC90-5B45-4DA2-9CB4-5561C3615D35}.Debug|Any CPU.ActiveCfg = Debug|Any CPU
		{0FBBAC90-5B45-4DA2-9CB4-5561C3615D35}.Debug|Any CPU.Build.0 = Debug|Any CPU
		{0FBBAC90-5B45-4DA2-9CB4-5561C3615D35}.Release|Any CPU.ActiveCfg = Release|Any CPU
		{0FBBAC90-5B45-4DA2-9CB4-5561C3615D35}.Release|Any CPU.Build.0 = Release|Any CPU
		{08582E94-73FA-42F3-A7A3-F99A2734EC06}.Debug|Any CPU.ActiveCfg = Debug|Any CPU
		{08582E94-73FA-42F3-A7A3-F99A2734EC06}.Debug|Any CPU.Build.0 = Debug|Any CPU
		{08582E94-73FA-42F3-A7A3-F99A2734EC06}.Release|Any CPU.ActiveCfg = Release|Any CPU
		{08582E94-73FA-42F3-A7A3-F99A2734EC06}.Release|Any CPU.Build.0 = Release|Any CPU
		{920BCEAA-F552-4CBB-9B2F-DCDD4FD165B3}.Debug|Any CPU.ActiveCfg = Debug|Any CPU
		{920BCEAA-F552-4CBB-9B2F-DCDD4FD165B3}.Debug|Any CPU.Build.0 = Debug|Any CPU
		{920BCEAA-F552-4CBB-9B2F-DCDD4FD165B3}.Release|Any CPU.ActiveCfg = Release|Any CPU
		{920BCEAA-F552-4CBB-9B2F-DCDD4FD165B3}.Release|Any CPU.Build.0 = Release|Any CPU
		{10AC47D0-14A7-4889-8ABA-D06CE6E11F25}.Debug|Any CPU.ActiveCfg = Debug|Any CPU
		{10AC47D0-14A7-4889-8ABA-D06CE6E11F25}.Debug|Any CPU.Build.0 = Debug|Any CPU
		{10AC47D0-14A7-4889-8ABA-D06CE6E11F25}.Release|Any CPU.ActiveCfg = Release|Any CPU
		{10AC47D0-14A7-4889-8ABA-D06CE6E11F25}.Release|Any CPU.Build.0 = Release|Any CPU
		{FF9A1EE8-73AA-40AE-9746-B970395D35E2}.Debug|Any CPU.ActiveCfg = Debug|Any CPU
		{FF9A1EE8-73AA-40AE-9746-B970395D35E2}.Debug|Any CPU.Build.0 = Debug|Any CPU
		{FF9A1EE8-73AA-40AE-9746-B970395D35E2}.Release|Any CPU.ActiveCfg = Release|Any CPU
		{FF9A1EE8-73AA-40AE-9746-B970395D35E2}.Release|Any CPU.Build.0 = Release|Any CPU
		{576F1EE8-2A77-437C-AFAA-2607D2CCB8A5}.Debug|Any CPU.ActiveCfg = Debug|Any CPU
		{576F1EE8-2A77-437C-AFAA-2607D2CCB8A5}.Debug|Any CPU.Build.0 = Debug|Any CPU
		{576F1EE8-2A77-437C-AFAA-2607D2CCB8A5}.Release|Any CPU.ActiveCfg = Release|Any CPU
		{576F1EE8-2A77-437C-AFAA-2607D2CCB8A5}.Release|Any CPU.Build.0 = Release|Any CPU
		{B81056FD-B4C8-4036-9A8D-2E8E0F3358CF}.Debug|Any CPU.ActiveCfg = Debug|Any CPU
		{B81056FD-B4C8-4036-9A8D-2E8E0F3358CF}.Debug|Any CPU.Build.0 = Debug|Any CPU
		{B81056FD-B4C8-4036-9A8D-2E8E0F3358CF}.Release|Any CPU.ActiveCfg = Release|Any CPU
		{B81056FD-B4C8-4036-9A8D-2E8E0F3358CF}.Release|Any CPU.Build.0 = Release|Any CPU
		{E16ABF2D-6E52-4C56-A556-A184F8DA4C24}.Debug|Any CPU.ActiveCfg = Debug|Any CPU
		{E16ABF2D-6E52-4C56-A556-A184F8DA4C24}.Debug|Any CPU.Build.0 = Debug|Any CPU
		{E16ABF2D-6E52-4C56-A556-A184F8DA4C24}.Release|Any CPU.ActiveCfg = Release|Any CPU
		{E16ABF2D-6E52-4C56-A556-A184F8DA4C24}.Release|Any CPU.Build.0 = Release|Any CPU
		{87ACC810-B6F3-4EA4-9C7C-8FDBBC3C0E6A}.Debug|Any CPU.ActiveCfg = Debug|Any CPU
		{87ACC810-B6F3-4EA4-9C7C-8FDBBC3C0E6A}.Debug|Any CPU.Build.0 = Debug|Any CPU
		{87ACC810-B6F3-4EA4-9C7C-8FDBBC3C0E6A}.Release|Any CPU.ActiveCfg = Release|Any CPU
		{87ACC810-B6F3-4EA4-9C7C-8FDBBC3C0E6A}.Release|Any CPU.Build.0 = Release|Any CPU
		{E14CC84A-0CFD-42BE-B373-B419295E2F76}.Debug|Any CPU.ActiveCfg = Debug|Any CPU
		{E14CC84A-0CFD-42BE-B373-B419295E2F76}.Debug|Any CPU.Build.0 = Debug|Any CPU
		{E14CC84A-0CFD-42BE-B373-B419295E2F76}.Release|Any CPU.ActiveCfg = Release|Any CPU
		{E14CC84A-0CFD-42BE-B373-B419295E2F76}.Release|Any CPU.Build.0 = Release|Any CPU
		{3D049E0F-1361-4D20-B0E0-4D3C6E76B173}.Debug|Any CPU.ActiveCfg = Debug|Any CPU
		{3D049E0F-1361-4D20-B0E0-4D3C6E76B173}.Debug|Any CPU.Build.0 = Debug|Any CPU
		{3D049E0F-1361-4D20-B0E0-4D3C6E76B173}.Release|Any CPU.ActiveCfg = Release|Any CPU
		{3D049E0F-1361-4D20-B0E0-4D3C6E76B173}.Release|Any CPU.Build.0 = Release|Any CPU
		{7E27323D-1FB2-4150-87E9-F62B43BE1984}.Debug|Any CPU.ActiveCfg = Debug|Any CPU
		{7E27323D-1FB2-4150-87E9-F62B43BE1984}.Debug|Any CPU.Build.0 = Debug|Any CPU
		{7E27323D-1FB2-4150-87E9-F62B43BE1984}.Release|Any CPU.ActiveCfg = Release|Any CPU
		{7E27323D-1FB2-4150-87E9-F62B43BE1984}.Release|Any CPU.Build.0 = Release|Any CPU
		{8BF2429A-F2EB-4B8A-A55E-89B5A26C4F29}.Debug|Any CPU.ActiveCfg = Debug|Any CPU
		{8BF2429A-F2EB-4B8A-A55E-89B5A26C4F29}.Debug|Any CPU.Build.0 = Debug|Any CPU
		{8BF2429A-F2EB-4B8A-A55E-89B5A26C4F29}.Release|Any CPU.ActiveCfg = Release|Any CPU
		{8BF2429A-F2EB-4B8A-A55E-89B5A26C4F29}.Release|Any CPU.Build.0 = Release|Any CPU
		{12672FB5-A794-4DAA-92AE-4C71FEB85BBD}.Debug|Any CPU.ActiveCfg = Debug|Any CPU
		{12672FB5-A794-4DAA-92AE-4C71FEB85BBD}.Debug|Any CPU.Build.0 = Debug|Any CPU
		{12672FB5-A794-4DAA-92AE-4C71FEB85BBD}.Release|Any CPU.ActiveCfg = Release|Any CPU
		{12672FB5-A794-4DAA-92AE-4C71FEB85BBD}.Release|Any CPU.Build.0 = Release|Any CPU
		{A7DA628C-DAE4-4417-8968-225D7D22DB9A}.Debug|Any CPU.ActiveCfg = Debug|Any CPU
		{A7DA628C-DAE4-4417-8968-225D7D22DB9A}.Debug|Any CPU.Build.0 = Debug|Any CPU
		{A7DA628C-DAE4-4417-8968-225D7D22DB9A}.Release|Any CPU.ActiveCfg = Release|Any CPU
		{A7DA628C-DAE4-4417-8968-225D7D22DB9A}.Release|Any CPU.Build.0 = Release|Any CPU
		{CD0D6AA2-FE02-44C7-A0EE-5B093EE5A10E}.Debug|Any CPU.ActiveCfg = Debug|Any CPU
		{CD0D6AA2-FE02-44C7-A0EE-5B093EE5A10E}.Debug|Any CPU.Build.0 = Debug|Any CPU
		{CD0D6AA2-FE02-44C7-A0EE-5B093EE5A10E}.Release|Any CPU.ActiveCfg = Release|Any CPU
		{CD0D6AA2-FE02-44C7-A0EE-5B093EE5A10E}.Release|Any CPU.Build.0 = Release|Any CPU
		{BECFDEDE-2786-46F3-B178-CF7ED9D9ED9A}.Debug|Any CPU.ActiveCfg = Debug|Any CPU
		{BECFDEDE-2786-46F3-B178-CF7ED9D9ED9A}.Debug|Any CPU.Build.0 = Debug|Any CPU
		{BECFDEDE-2786-46F3-B178-CF7ED9D9ED9A}.Release|Any CPU.ActiveCfg = Release|Any CPU
		{BECFDEDE-2786-46F3-B178-CF7ED9D9ED9A}.Release|Any CPU.Build.0 = Release|Any CPU
		{402D8E59-2F13-41A0-954A-C02DE6E49559}.Debug|Any CPU.ActiveCfg = Debug|Any CPU
		{402D8E59-2F13-41A0-954A-C02DE6E49559}.Debug|Any CPU.Build.0 = Debug|Any CPU
		{402D8E59-2F13-41A0-954A-C02DE6E49559}.Release|Any CPU.ActiveCfg = Release|Any CPU
		{402D8E59-2F13-41A0-954A-C02DE6E49559}.Release|Any CPU.Build.0 = Release|Any CPU
		{1E411981-7E05-4CBB-A26D-FD04373A3C2D}.Debug|Any CPU.ActiveCfg = Debug|Any CPU
		{1E411981-7E05-4CBB-A26D-FD04373A3C2D}.Debug|Any CPU.Build.0 = Debug|Any CPU
		{1E411981-7E05-4CBB-A26D-FD04373A3C2D}.Release|Any CPU.ActiveCfg = Release|Any CPU
		{1E411981-7E05-4CBB-A26D-FD04373A3C2D}.Release|Any CPU.Build.0 = Release|Any CPU
		{CC24F7C6-D0CE-4D5C-8D59-997EC5BD2373}.Debug|Any CPU.ActiveCfg = Debug|Any CPU
		{CC24F7C6-D0CE-4D5C-8D59-997EC5BD2373}.Debug|Any CPU.Build.0 = Debug|Any CPU
		{CC24F7C6-D0CE-4D5C-8D59-997EC5BD2373}.Release|Any CPU.ActiveCfg = Release|Any CPU
		{CC24F7C6-D0CE-4D5C-8D59-997EC5BD2373}.Release|Any CPU.Build.0 = Release|Any CPU
		{BD7D23A0-A69F-416B-8766-7B2E2F947683}.Debug|Any CPU.ActiveCfg = Debug|Any CPU
		{BD7D23A0-A69F-416B-8766-7B2E2F947683}.Debug|Any CPU.Build.0 = Debug|Any CPU
		{BD7D23A0-A69F-416B-8766-7B2E2F947683}.Release|Any CPU.ActiveCfg = Release|Any CPU
		{BD7D23A0-A69F-416B-8766-7B2E2F947683}.Release|Any CPU.Build.0 = Release|Any CPU
		{D1BE6BFA-6E41-4569-B00A-642D3CE3A613}.Debug|Any CPU.ActiveCfg = Debug|Any CPU
		{D1BE6BFA-6E41-4569-B00A-642D3CE3A613}.Debug|Any CPU.Build.0 = Debug|Any CPU
		{D1BE6BFA-6E41-4569-B00A-642D3CE3A613}.Release|Any CPU.ActiveCfg = Release|Any CPU
		{D1BE6BFA-6E41-4569-B00A-642D3CE3A613}.Release|Any CPU.Build.0 = Release|Any CPU
		{54ECB30D-1890-4EB2-B662-43B8A08A6B82}.Debug|Any CPU.ActiveCfg = Debug|Any CPU
		{54ECB30D-1890-4EB2-B662-43B8A08A6B82}.Debug|Any CPU.Build.0 = Debug|Any CPU
		{54ECB30D-1890-4EB2-B662-43B8A08A6B82}.Release|Any CPU.ActiveCfg = Release|Any CPU
		{54ECB30D-1890-4EB2-B662-43B8A08A6B82}.Release|Any CPU.Build.0 = Release|Any CPU
		{73098823-C56B-44D3-90D8-22A7877681AF}.Debug|Any CPU.ActiveCfg = Debug|Any CPU
		{73098823-C56B-44D3-90D8-22A7877681AF}.Debug|Any CPU.Build.0 = Debug|Any CPU
		{73098823-C56B-44D3-90D8-22A7877681AF}.Release|Any CPU.ActiveCfg = Release|Any CPU
		{73098823-C56B-44D3-90D8-22A7877681AF}.Release|Any CPU.Build.0 = Release|Any CPU
	EndGlobalSection
	GlobalSection(SolutionProperties) = preSolution
		HideSolutionNode = FALSE
	EndGlobalSection
	GlobalSection(NestedProjects) = preSolution
		{B2642B38-8B6A-478E-81CC-3A9FA9F5577C} = {F9DCC70E-7CAC-4908-8CA0-4D9D938FB1E3}
		{62C34213-9D24-48AA-8271-6225D0620BE4} = {F9DCC70E-7CAC-4908-8CA0-4D9D938FB1E3}
		{D4520289-83BE-4EDD-A05C-8C13F907DC12} = {F9DCC70E-7CAC-4908-8CA0-4D9D938FB1E3}
		{9DEC8FD2-4AC7-4E89-A4F0-35008858ABF3} = {F9DCC70E-7CAC-4908-8CA0-4D9D938FB1E3}
		{0FBBAC90-5B45-4DA2-9CB4-5561C3615D35} = {F9DCC70E-7CAC-4908-8CA0-4D9D938FB1E3}
		{08582E94-73FA-42F3-A7A3-F99A2734EC06} = {8A989A4C-0D41-475C-8C48-CA6946F85E72}
		{920BCEAA-F552-4CBB-9B2F-DCDD4FD165B3} = {DBA49658-7AA2-4AFC-809E-16F54EF83B41}
		{10AC47D0-14A7-4889-8ABA-D06CE6E11F25} = {F9F2E1FA-2EB9-4AAB-A6DE-A24396724B81}
		{FF9A1EE8-73AA-40AE-9746-B970395D35E2} = {F9F2E1FA-2EB9-4AAB-A6DE-A24396724B81}
		{576F1EE8-2A77-437C-AFAA-2607D2CCB8A5} = {F9F2E1FA-2EB9-4AAB-A6DE-A24396724B81}
		{B81056FD-B4C8-4036-9A8D-2E8E0F3358CF} = {F9F2E1FA-2EB9-4AAB-A6DE-A24396724B81}
		{E16ABF2D-6E52-4C56-A556-A184F8DA4C24} = {1F1D8A23-EA0B-4219-B9C2-673D35B8478F}
		{87ACC810-B6F3-4EA4-9C7C-8FDBBC3C0E6A} = {1F1D8A23-EA0B-4219-B9C2-673D35B8478F}
		{E14CC84A-0CFD-42BE-B373-B419295E2F76} = {1F1D8A23-EA0B-4219-B9C2-673D35B8478F}
		{3D049E0F-1361-4D20-B0E0-4D3C6E76B173} = {1F1D8A23-EA0B-4219-B9C2-673D35B8478F}
		{7E27323D-1FB2-4150-87E9-F62B43BE1984} = {F9F2E1FA-2EB9-4AAB-A6DE-A24396724B81}
		{8BF2429A-F2EB-4B8A-A55E-89B5A26C4F29} = {1F1D8A23-EA0B-4219-B9C2-673D35B8478F}
		{12672FB5-A794-4DAA-92AE-4C71FEB85BBD} = {1F1D8A23-EA0B-4219-B9C2-673D35B8478F}
		{A7DA628C-DAE4-4417-8968-225D7D22DB9A} = {2B40ACDF-7202-46C9-A9CA-6DB1C34E06F6}
		{CD0D6AA2-FE02-44C7-A0EE-5B093EE5A10E} = {2B40ACDF-7202-46C9-A9CA-6DB1C34E06F6}
		{BECFDEDE-2786-46F3-B178-CF7ED9D9ED9A} = {2B40ACDF-7202-46C9-A9CA-6DB1C34E06F6}
		{402D8E59-2F13-41A0-954A-C02DE6E49559} = {2B40ACDF-7202-46C9-A9CA-6DB1C34E06F6}
		{1E411981-7E05-4CBB-A26D-FD04373A3C2D} = {2B40ACDF-7202-46C9-A9CA-6DB1C34E06F6}
		{CC24F7C6-D0CE-4D5C-8D59-997EC5BD2373} = {078F52DE-98FD-42CC-B417-94FF29E424BC}
		{BD7D23A0-A69F-416B-8766-7B2E2F947683} = {078F52DE-98FD-42CC-B417-94FF29E424BC}
		{D1BE6BFA-6E41-4569-B00A-642D3CE3A613} = {078F52DE-98FD-42CC-B417-94FF29E424BC}
		{54ECB30D-1890-4EB2-B662-43B8A08A6B82} = {078F52DE-98FD-42CC-B417-94FF29E424BC}
		{73098823-C56B-44D3-90D8-22A7877681AF} = {078F52DE-98FD-42CC-B417-94FF29E424BC}
	EndGlobalSection
	GlobalSection(ExtensibilityGlobals) = postSolution
		SolutionGuid = {9949041B-FCC9-4668-88B9-DB7D57F43261}
	EndGlobalSection
EndGlobal
